
Microsoft Visual Studio Solution File, Format Version 12.00
# Visual Studio 15
VisualStudioVersion = 15.0.27428.2015
MinimumVisualStudioVersion = 10.0.40219.1
Project("{FAE04EC0-301F-11D3-BF4B-00C04F79EFBC}") = "SpecFlow.Plus.Runner", "SpecFlow.Plus.Runner\SpecFlow.Plus.Runner.csproj", "{ABEDF473-6D43-4DC9-9F7E-4AB31C9B1958}"
EndProject
Project("{FAE04EC0-301F-11D3-BF4B-00C04F79EFBC}") = "NUnit", "NUnit\NUnit.csproj", "{2193E2AC-D9FB-4529-934B-DC1186730A0A}"
EndProject
Project("{FAE04EC0-301F-11D3-BF4B-00C04F79EFBC}") = "NUnit3", "NUnit3\NUnit3.csproj", "{A368AFA9-9417-497A-ABA5-A3B18FB46BD4}"
EndProject
Project("{2150E333-8FDC-42A3-9474-1A3956D46DE8}") = "Solution Items", "Solution Items", "{F6B60FDE-122E-4023-9F9B-8B6B360EE275}"
	ProjectSection(SolutionItems) = preProject
		NuGet.Config = NuGet.Config
	EndProjectSection
EndProject
Project("{FAE04EC0-301F-11D3-BF4B-00C04F79EFBC}") = "MSTest", "MSTest\MSTest.csproj", "{9156707F-B1D4-4522-8451-1179C1B69F69}"
EndProject
Project("{FAE04EC0-301F-11D3-BF4B-00C04F79EFBC}") = "XUnit2", "XUnit2\XUnit2.csproj", "{A2853D9D-C2BE-4670-A9E8-21522F9D9E1E}"
EndProject
Project("{FAE04EC0-301F-11D3-BF4B-00C04F79EFBC}") = "SpecFlow.Plus.Runner.NewCSProjX", "SpecFlow.Plus.Runner.CSProj\SpecFlow.Plus.Runner.NewCSProjX.csproj", "{C00EBEE2-955D-4DA2-AE3A-5B020821254C}"
EndProject
Global
	GlobalSection(SolutionConfigurationPlatforms) = preSolution
		Debug|Any CPU = Debug|Any CPU
		Release|Any CPU = Release|Any CPU
	EndGlobalSection
	GlobalSection(ProjectConfigurationPlatforms) = postSolution
		{ABEDF473-6D43-4DC9-9F7E-4AB31C9B1958}.Debug|Any CPU.ActiveCfg = Debug|Any CPU
		{ABEDF473-6D43-4DC9-9F7E-4AB31C9B1958}.Debug|Any CPU.Build.0 = Debug|Any CPU
		{ABEDF473-6D43-4DC9-9F7E-4AB31C9B1958}.Release|Any CPU.ActiveCfg = Release|Any CPU
		{ABEDF473-6D43-4DC9-9F7E-4AB31C9B1958}.Release|Any CPU.Build.0 = Release|Any CPU
		{2193E2AC-D9FB-4529-934B-DC1186730A0A}.Debug|Any CPU.ActiveCfg = Debug|Any CPU
		{2193E2AC-D9FB-4529-934B-DC1186730A0A}.Debug|Any CPU.Build.0 = Debug|Any CPU
		{2193E2AC-D9FB-4529-934B-DC1186730A0A}.Release|Any CPU.ActiveCfg = Release|Any CPU
		{2193E2AC-D9FB-4529-934B-DC1186730A0A}.Release|Any CPU.Build.0 = Release|Any CPU
		{A368AFA9-9417-497A-ABA5-A3B18FB46BD4}.Debug|Any CPU.ActiveCfg = Debug|Any CPU
		{A368AFA9-9417-497A-ABA5-A3B18FB46BD4}.Debug|Any CPU.Build.0 = Debug|Any CPU
		{A368AFA9-9417-497A-ABA5-A3B18FB46BD4}.Release|Any CPU.ActiveCfg = Release|Any CPU
		{A368AFA9-9417-497A-ABA5-A3B18FB46BD4}.Release|Any CPU.Build.0 = Release|Any CPU
		{9156707F-B1D4-4522-8451-1179C1B69F69}.Debug|Any CPU.ActiveCfg = Debug|Any CPU
		{9156707F-B1D4-4522-8451-1179C1B69F69}.Debug|Any CPU.Build.0 = Debug|Any CPU
		{9156707F-B1D4-4522-8451-1179C1B69F69}.Release|Any CPU.ActiveCfg = Release|Any CPU
		{9156707F-B1D4-4522-8451-1179C1B69F69}.Release|Any CPU.Build.0 = Release|Any CPU
		{A2853D9D-C2BE-4670-A9E8-21522F9D9E1E}.Debug|Any CPU.ActiveCfg = Debug|Any CPU
		{A2853D9D-C2BE-4670-A9E8-21522F9D9E1E}.Debug|Any CPU.Build.0 = Debug|Any CPU
		{A2853D9D-C2BE-4670-A9E8-21522F9D9E1E}.Release|Any CPU.ActiveCfg = Release|Any CPU
		{A2853D9D-C2BE-4670-A9E8-21522F9D9E1E}.Release|Any CPU.Build.0 = Release|Any CPU
		{C00EBEE2-955D-4DA2-AE3A-5B020821254C}.Debug|Any CPU.ActiveCfg = Debug|Any CPU
		{C00EBEE2-955D-4DA2-AE3A-5B020821254C}.Debug|Any CPU.Build.0 = Debug|Any CPU
		{C00EBEE2-955D-4DA2-AE3A-5B020821254C}.Release|Any CPU.ActiveCfg = Release|Any CPU
		{C00EBEE2-955D-4DA2-AE3A-5B020821254C}.Release|Any CPU.Build.0 = Release|Any CPU
	EndGlobalSection
	GlobalSection(SolutionProperties) = preSolution
		HideSolutionNode = FALSE
	EndGlobalSection
	GlobalSection(ExtensibilityGlobals) = postSolution
		SolutionGuid = {D41B4ECE-8FD8-48E8-A179-3D9BAC678665}
	EndGlobalSection
EndGlobal
